
Microsoft Visual Studio Solution File, Format Version 12.00
# Visual Studio Version 17
VisualStudioVersion = 17.11.35431.28
MinimumVisualStudioVersion = 10.0.40219.1
Project("{FAE04EC0-301F-11D3-BF4B-00C04F79EFBC}") = "vse_taq", "vse_taq\vse_taq.csproj", "{2D7294EE-70BD-49AB-8B46-9A267E3FA685}"
EndProject
Project("{FAE04EC0-301F-11D3-BF4B-00C04F79EFBC}") = "kasova_belejka", "kasova_belejka\kasova_belejka.csproj", "{BDFF187A-861A-4533-BF0E-C0D546189B95}"
EndProject
Global
	GlobalSection(SolutionConfigurationPlatforms) = preSolution
		Debug|Any CPU = Debug|Any CPU
		Release|Any CPU = Release|Any CPU
	EndGlobalSection
	GlobalSection(ProjectConfigurationPlatforms) = postSolution
		{2D7294EE-70BD-49AB-8B46-9A267E3FA685}.Debug|Any CPU.ActiveCfg = Debug|Any CPU
		{2D7294EE-70BD-49AB-8B46-9A267E3FA685}.Debug|Any CPU.Build.0 = Debug|Any CPU
		{2D7294EE-70BD-49AB-8B46-9A267E3FA685}.Release|Any CPU.ActiveCfg = Release|Any CPU
		{2D7294EE-70BD-49AB-8B46-9A267E3FA685}.Release|Any CPU.Build.0 = Release|Any CPU
		{BDFF187A-861A-4533-BF0E-C0D546189B95}.Debug|Any CPU.ActiveCfg = Debug|Any CPU
		{BDFF187A-861A-4533-BF0E-C0D546189B95}.Debug|Any CPU.Build.0 = Debug|Any CPU
		{BDFF187A-861A-4533-BF0E-C0D546189B95}.Release|Any CPU.ActiveCfg = Release|Any CPU
		{BDFF187A-861A-4533-BF0E-C0D546189B95}.Release|Any CPU.Build.0 = Release|Any CPU
	EndGlobalSection
	GlobalSection(SolutionProperties) = preSolution
		HideSolutionNode = FALSE
	EndGlobalSection
	GlobalSection(ExtensibilityGlobals) = postSolution
		SolutionGuid = {92E1A862-D76B-4BC1-A2C5-F760B4B57765}
	EndGlobalSection
EndGlobal
